
Microsoft Visual Studio Solution File, Format Version 12.00
# Visual Studio 14
VisualStudioVersion = 14.0.24720.0
MinimumVisualStudioVersion = 10.0.40219.1
Project("{FAE04EC0-301F-11D3-BF4B-00C04F79EFBC}") = "01.Event Implementation", "01.Event Implementation\01.Event Implementation.csproj", "{CA603AD5-81E7-4B53-8D46-A17DD1F492C9}"
EndProject
Project("{FAE04EC0-301F-11D3-BF4B-00C04F79EFBC}") = "02. King’s Gambit", "02. King’s Gambit\02. King’s Gambit.csproj", "{6F064C85-4BB9-4F84-8BCA-A97A8E653DCD}"
EndProject
Project("{FAE04EC0-301F-11D3-BF4B-00C04F79EFBC}") = "03. Dependency Inversion", "03. Dependency Inversion\03. Dependency Inversion.csproj", "{0AD79637-5445-45C4-BA7C-C2DB75EF3D73}"
EndProject
Global
	GlobalSection(SolutionConfigurationPlatforms) = preSolution
		Debug|Any CPU = Debug|Any CPU
		Release|Any CPU = Release|Any CPU
	EndGlobalSection
	GlobalSection(ProjectConfigurationPlatforms) = postSolution
		{CA603AD5-81E7-4B53-8D46-A17DD1F492C9}.Debug|Any CPU.ActiveCfg = Debug|Any CPU
		{CA603AD5-81E7-4B53-8D46-A17DD1F492C9}.Debug|Any CPU.Build.0 = Debug|Any CPU
		{CA603AD5-81E7-4B53-8D46-A17DD1F492C9}.Release|Any CPU.ActiveCfg = Release|Any CPU
		{CA603AD5-81E7-4B53-8D46-A17DD1F492C9}.Release|Any CPU.Build.0 = Release|Any CPU
		{6F064C85-4BB9-4F84-8BCA-A97A8E653DCD}.Debug|Any CPU.ActiveCfg = Debug|Any CPU
		{6F064C85-4BB9-4F84-8BCA-A97A8E653DCD}.Debug|Any CPU.Build.0 = Debug|Any CPU
		{6F064C85-4BB9-4F84-8BCA-A97A8E653DCD}.Release|Any CPU.ActiveCfg = Release|Any CPU
		{6F064C85-4BB9-4F84-8BCA-A97A8E653DCD}.Release|Any CPU.Build.0 = Release|Any CPU
		{0AD79637-5445-45C4-BA7C-C2DB75EF3D73}.Debug|Any CPU.ActiveCfg = Debug|Any CPU
		{0AD79637-5445-45C4-BA7C-C2DB75EF3D73}.Debug|Any CPU.Build.0 = Debug|Any CPU
		{0AD79637-5445-45C4-BA7C-C2DB75EF3D73}.Release|Any CPU.ActiveCfg = Release|Any CPU
		{0AD79637-5445-45C4-BA7C-C2DB75EF3D73}.Release|Any CPU.Build.0 = Release|Any CPU
	EndGlobalSection
	GlobalSection(SolutionProperties) = preSolution
		HideSolutionNode = FALSE
	EndGlobalSection
EndGlobal
