
Microsoft Visual Studio Solution File, Format Version 12.00
# Visual Studio 14
VisualStudioVersion = 14.0.24720.0
MinimumVisualStudioVersion = 10.0.40219.1
Project("{FAE04EC0-301F-11D3-BF4B-00C04F79EFBC}") = "Generic Box", "Generic Box\Generic Box.csproj", "{AF679362-D4FA-4F8C-AE69-02B2B4A3223C}"
EndProject
Project("{FAE04EC0-301F-11D3-BF4B-00C04F79EFBC}") = "03.GenericBoxInteger", "03.GenericBoxInteger\03.GenericBoxInteger.csproj", "{2FFCFBCC-645C-4CD6-B522-7789535A84DC}"
EndProject
Project("{FAE04EC0-301F-11D3-BF4B-00C04F79EFBC}") = "04.GenericSwapMethodStrings", "04.GenericSwapMethodStrings\04.GenericSwapMethodStrings.csproj", "{562DEFBF-6BC3-4BD4-A364-8FC7F9D57676}"
EndProject
Project("{FAE04EC0-301F-11D3-BF4B-00C04F79EFBC}") = "05.GenericSwapMethodIntegers", "05.GenericSwapMethodIntegers\05.GenericSwapMethodIntegers.csproj", "{5BC873DA-5C35-4B02-94D9-63CE2804A3DD}"
EndProject
Project("{FAE04EC0-301F-11D3-BF4B-00C04F79EFBC}") = "06.GenericCountMethodStrings", "06.GenericCountMethodStrings\06.GenericCountMethodStrings.csproj", "{95E87578-E340-4295-A4BB-5316530945C5}"
EndProject
Project("{FAE04EC0-301F-11D3-BF4B-00C04F79EFBC}") = "07. Generic Count Method Doubles", "07. Generic Count Method Doubles\07. Generic Count Method Doubles.csproj", "{55188E8D-9574-4FEF-A882-96D052121DD6}"
EndProject
Project("{FAE04EC0-301F-11D3-BF4B-00C04F79EFBC}") = "08.CustomList", "08.CustomList\08.CustomList.csproj", "{16BD9ACB-3355-4F06-85C9-8ED62C6A4071}"
EndProject
Project("{FAE04EC0-301F-11D3-BF4B-00C04F79EFBC}") = "11.TupleEx", "11.TupleEx\11.TupleEx.csproj", "{931B0B38-76E7-4E97-81C2-98A611551B19}"
EndProject
Project("{FAE04EC0-301F-11D3-BF4B-00C04F79EFBC}") = "12.Threeuple", "12.Threeuple\12.Threeuple.csproj", "{1FEE5C08-A139-48A7-BEA3-2AC4ACCECF8C}"
EndProject
Global
	GlobalSection(SolutionConfigurationPlatforms) = preSolution
		Debug|Any CPU = Debug|Any CPU
		Release|Any CPU = Release|Any CPU
	EndGlobalSection
	GlobalSection(ProjectConfigurationPlatforms) = postSolution
		{AF679362-D4FA-4F8C-AE69-02B2B4A3223C}.Debug|Any CPU.ActiveCfg = Debug|Any CPU
		{AF679362-D4FA-4F8C-AE69-02B2B4A3223C}.Debug|Any CPU.Build.0 = Debug|Any CPU
		{AF679362-D4FA-4F8C-AE69-02B2B4A3223C}.Release|Any CPU.ActiveCfg = Release|Any CPU
		{AF679362-D4FA-4F8C-AE69-02B2B4A3223C}.Release|Any CPU.Build.0 = Release|Any CPU
		{2FFCFBCC-645C-4CD6-B522-7789535A84DC}.Debug|Any CPU.ActiveCfg = Debug|Any CPU
		{2FFCFBCC-645C-4CD6-B522-7789535A84DC}.Debug|Any CPU.Build.0 = Debug|Any CPU
		{2FFCFBCC-645C-4CD6-B522-7789535A84DC}.Release|Any CPU.ActiveCfg = Release|Any CPU
		{2FFCFBCC-645C-4CD6-B522-7789535A84DC}.Release|Any CPU.Build.0 = Release|Any CPU
		{562DEFBF-6BC3-4BD4-A364-8FC7F9D57676}.Debug|Any CPU.ActiveCfg = Debug|Any CPU
		{562DEFBF-6BC3-4BD4-A364-8FC7F9D57676}.Debug|Any CPU.Build.0 = Debug|Any CPU
		{562DEFBF-6BC3-4BD4-A364-8FC7F9D57676}.Release|Any CPU.ActiveCfg = Release|Any CPU
		{562DEFBF-6BC3-4BD4-A364-8FC7F9D57676}.Release|Any CPU.Build.0 = Release|Any CPU
		{5BC873DA-5C35-4B02-94D9-63CE2804A3DD}.Debug|Any CPU.ActiveCfg = Debug|Any CPU
		{5BC873DA-5C35-4B02-94D9-63CE2804A3DD}.Debug|Any CPU.Build.0 = Debug|Any CPU
		{5BC873DA-5C35-4B02-94D9-63CE2804A3DD}.Release|Any CPU.ActiveCfg = Release|Any CPU
		{5BC873DA-5C35-4B02-94D9-63CE2804A3DD}.Release|Any CPU.Build.0 = Release|Any CPU
		{95E87578-E340-4295-A4BB-5316530945C5}.Debug|Any CPU.ActiveCfg = Debug|Any CPU
		{95E87578-E340-4295-A4BB-5316530945C5}.Debug|Any CPU.Build.0 = Debug|Any CPU
		{95E87578-E340-4295-A4BB-5316530945C5}.Release|Any CPU.ActiveCfg = Release|Any CPU
		{95E87578-E340-4295-A4BB-5316530945C5}.Release|Any CPU.Build.0 = Release|Any CPU
		{55188E8D-9574-4FEF-A882-96D052121DD6}.Debug|Any CPU.ActiveCfg = Debug|Any CPU
		{55188E8D-9574-4FEF-A882-96D052121DD6}.Debug|Any CPU.Build.0 = Debug|Any CPU
		{55188E8D-9574-4FEF-A882-96D052121DD6}.Release|Any CPU.ActiveCfg = Release|Any CPU
		{55188E8D-9574-4FEF-A882-96D052121DD6}.Release|Any CPU.Build.0 = Release|Any CPU
		{16BD9ACB-3355-4F06-85C9-8ED62C6A4071}.Debug|Any CPU.ActiveCfg = Debug|Any CPU
		{16BD9ACB-3355-4F06-85C9-8ED62C6A4071}.Debug|Any CPU.Build.0 = Debug|Any CPU
		{16BD9ACB-3355-4F06-85C9-8ED62C6A4071}.Release|Any CPU.ActiveCfg = Release|Any CPU
		{16BD9ACB-3355-4F06-85C9-8ED62C6A4071}.Release|Any CPU.Build.0 = Release|Any CPU
		{931B0B38-76E7-4E97-81C2-98A611551B19}.Debug|Any CPU.ActiveCfg = Debug|Any CPU
		{931B0B38-76E7-4E97-81C2-98A611551B19}.Debug|Any CPU.Build.0 = Debug|Any CPU
		{931B0B38-76E7-4E97-81C2-98A611551B19}.Release|Any CPU.ActiveCfg = Release|Any CPU
		{931B0B38-76E7-4E97-81C2-98A611551B19}.Release|Any CPU.Build.0 = Release|Any CPU
		{1FEE5C08-A139-48A7-BEA3-2AC4ACCECF8C}.Debug|Any CPU.ActiveCfg = Debug|Any CPU
		{1FEE5C08-A139-48A7-BEA3-2AC4ACCECF8C}.Debug|Any CPU.Build.0 = Debug|Any CPU
		{1FEE5C08-A139-48A7-BEA3-2AC4ACCECF8C}.Release|Any CPU.ActiveCfg = Release|Any CPU
		{1FEE5C08-A139-48A7-BEA3-2AC4ACCECF8C}.Release|Any CPU.Build.0 = Release|Any CPU
	EndGlobalSection
	GlobalSection(SolutionProperties) = preSolution
		HideSolutionNode = FALSE
	EndGlobalSection
EndGlobal
